# THIS IS AN AUTOGENERATED FILE. DO NOT EDIT THIS FILE DIRECTLY.
# yarn lockfile v1


"@ethersproject/abi@5.0.8", "@ethersproject/abi@^5.0.5":
  version "5.0.8"
  resolved "https://registry.yarnpkg.com/@ethersproject/abi/-/abi-5.0.8.tgz#b79e8b90932f0ce4b5796f21ec854e4fac4e6f7a"
  integrity sha512-QiWzNybzepEmFfwxqEOoUm9i8G5fBuxMiiMcyUwXqywKtktbhNHpUbfOapMkEvPB8VgefzaUf1vHDSqC2Dc8Eg==
  dependencies:
    "@ethersproject/address" "^5.0.4"
    "@ethersproject/bignumber" "^5.0.7"
    "@ethersproject/bytes" "^5.0.4"
    "@ethersproject/constants" "^5.0.4"
    "@ethersproject/hash" "^5.0.4"
    "@ethersproject/keccak256" "^5.0.3"
    "@ethersproject/logger" "^5.0.5"
    "@ethersproject/properties" "^5.0.3"
    "@ethersproject/strings" "^5.0.4"

"@ethersproject/abstract-provider@5.0.6", "@ethersproject/abstract-provider@^5.0.4":
  version "5.0.6"
  resolved "https://registry.yarnpkg.com/@ethersproject/abstract-provider/-/abstract-provider-5.0.6.tgz#fd379b4c2dbb316841dd4f581a73b95d7f399a13"
  integrity sha512-3GJjD+wM8J160XFiTMkDu1UFV9uA1OdbMUI0aYy1CFepxYGSh9vY12bsbiYiTJLXQ86usvSBK6OA9U7IqmKZVw==
  dependencies:
    "@ethersproject/bignumber" "^5.0.7"
    "@ethersproject/bytes" "^5.0.4"
    "@ethersproject/logger" "^5.0.5"
    "@ethersproject/networks" "^5.0.3"
    "@ethersproject/properties" "^5.0.3"
    "@ethersproject/transactions" "^5.0.5"
    "@ethersproject/web" "^5.0.6"

"@ethersproject/abstract-signer@5.0.8", "@ethersproject/abstract-signer@^5.0.4", "@ethersproject/abstract-signer@^5.0.6":
  version "5.0.8"
  resolved "https://registry.yarnpkg.com/@ethersproject/abstract-signer/-/abstract-signer-5.0.8.tgz#16d8107ea718ad7a9b5925bd870aa40c05fbfba3"
  integrity sha512-Q5ZJtxs5txKBfTbdXRI4n6Nn4EJlKg3zA22S4Eg+P3hIZ+cXoLoK9CnA1GeKMRHJiDBqECnWqeQl+yyGR7D+jg==
  dependencies:
    "@ethersproject/abstract-provider" "^5.0.4"
    "@ethersproject/bignumber" "^5.0.7"
    "@ethersproject/bytes" "^5.0.4"
    "@ethersproject/logger" "^5.0.5"
    "@ethersproject/properties" "^5.0.3"

"@ethersproject/address@5.0.6", "@ethersproject/address@^5.0.4", "@ethersproject/address@^5.0.5":
  version "5.0.6"
  resolved "https://registry.yarnpkg.com/@ethersproject/address/-/address-5.0.6.tgz#5ffb5cd04db0d0447efbb53231f56dd2a3255363"
  integrity sha512-evXOpjlnFxloYjpv+ldEBhTihyHh6jPbLw7s7cDTmCvpmH4FwAkSWkjCoCxaMP8ipfnVr5cQbTt0bZM2XbBxqA==
  dependencies:
    "@ethersproject/bignumber" "^5.0.7"
    "@ethersproject/bytes" "^5.0.4"
    "@ethersproject/keccak256" "^5.0.3"
    "@ethersproject/logger" "^5.0.5"
    "@ethersproject/rlp" "^5.0.3"

"@ethersproject/base64@5.0.5", "@ethersproject/base64@^5.0.3":
  version "5.0.5"
  resolved "https://registry.yarnpkg.com/@ethersproject/base64/-/base64-5.0.5.tgz#1c4873b075e40154c319ee0414aab105415e4072"
  integrity sha512-4GJ9InM+zDDiiejPG/TrNGXVgD8D4BClEfJ3w45+ufyFA7QDT3gkAy+SdmmQCGAEBB+79MmXMLFq7TNtDM2DaA==
  dependencies:
    "@ethersproject/bytes" "^5.0.4"

"@ethersproject/basex@5.0.5", "@ethersproject/basex@^5.0.3":
  version "5.0.5"
  resolved "https://registry.yarnpkg.com/@ethersproject/basex/-/basex-5.0.5.tgz#17ee6526f6a628635b553ecb3bdd8086a5ab2b00"
  integrity sha512-Echs7nWq1K/HqDaxnT0nJ2Qe5uXH5v/L6AdKVlH+FQ0FrRAMl0XgWoWECsYo9lt16/Pk4wiMksLvVEW8djluEg==
  dependencies:
    "@ethersproject/bytes" "^5.0.4"
    "@ethersproject/properties" "^5.0.3"

"@ethersproject/bignumber@5.0.9", "@ethersproject/bignumber@^5.0.7", "@ethersproject/bignumber@^5.0.8":
  version "5.0.9"
  resolved "https://registry.yarnpkg.com/@ethersproject/bignumber/-/bignumber-5.0.9.tgz#c2133ece53c0c3faaf28ec9c2b28f7e901acb2c5"
  integrity sha512-XRaR/60JXTMYY4R+XsquKd5vbPbxnt85yvwzJ9uzulRW2z9JlEf75CbMZ8LjSOAK51vFBmSfjA5ojT60OtSGqA==
  dependencies:
    "@ethersproject/bytes" "^5.0.4"
    "@ethersproject/logger" "^5.0.5"
    bn.js "^4.4.0"

"@ethersproject/bytes@5.0.6", "@ethersproject/bytes@^5.0.4":
  version "5.0.6"
  resolved "https://registry.yarnpkg.com/@ethersproject/bytes/-/bytes-5.0.6.tgz#848f8c10d78213eb743831fba0704154d3f39d13"
  integrity sha512-axEmVeVy5IS0Sg46fNk4mygMm96uGd/15b6zmMu53w0NpHmOC/GYfpqMBHYxavjFYN+LUL7vVwgpbIFYGO2QHA==
  dependencies:
    "@ethersproject/logger" "^5.0.5"

"@ethersproject/constants@5.0.6", "@ethersproject/constants@^5.0.4":
  version "5.0.6"
  resolved "https://registry.yarnpkg.com/@ethersproject/constants/-/constants-5.0.6.tgz#bc8ca82d2c0eb1869e5cce4fee473e9a9a0e858c"
  integrity sha512-ioBMaUsVb2+C8UVAHUpfrrkNtFEcAYNaZSf79Lw7VhjFRY5f1ImWGqSZhJb4/wKxaw0RIYLW7ZriDgcx2YMwWA==
  dependencies:
    "@ethersproject/bignumber" "^5.0.7"

"@ethersproject/contracts@5.0.6":
  version "5.0.6"
  resolved "https://registry.yarnpkg.com/@ethersproject/contracts/-/contracts-5.0.6.tgz#d6b3a2f786a4c616f8a8aafbf3c85f3110250a0a"
  integrity sha512-sCNevsfvkbnoac3nXabkE/fJ+u0AI8cSFc1UFU/k7etoCO851Hp/+wkQU0w5nSxtBJtcnjeOMtL9+PzFuPCaVw==
  dependencies:
    "@ethersproject/abi" "^5.0.5"
    "@ethersproject/abstract-provider" "^5.0.4"
    "@ethersproject/abstract-signer" "^5.0.4"
    "@ethersproject/address" "^5.0.4"
    "@ethersproject/bignumber" "^5.0.7"
    "@ethersproject/bytes" "^5.0.4"
    "@ethersproject/constants" "^5.0.4"
    "@ethersproject/logger" "^5.0.5"
    "@ethersproject/properties" "^5.0.3"

"@ethersproject/hash@5.0.7", "@ethersproject/hash@^5.0.4":
  version "5.0.7"
  resolved "https://registry.yarnpkg.com/@ethersproject/hash/-/hash-5.0.7.tgz#e4ede972575d9aadffeab15070e9ffdf2f72d7e5"
  integrity sha512-vYuRJRTAGHcYqQFAxxCgDpJtJv4aGC5TQm5NDZat/55BeLGLmH90ftJG1ldv7MhzGRxBPJtpqSHzJDizB6VKoA==
  dependencies:
    "@ethersproject/abstract-signer" "^5.0.6"
    "@ethersproject/address" "^5.0.5"
    "@ethersproject/bignumber" "^5.0.8"
    "@ethersproject/bytes" "^5.0.4"
    "@ethersproject/keccak256" "^5.0.3"
    "@ethersproject/logger" "^5.0.5"
    "@ethersproject/properties" "^5.0.4"
    "@ethersproject/strings" "^5.0.4"

"@ethersproject/hdnode@5.0.6", "@ethersproject/hdnode@^5.0.4":
  version "5.0.6"
  resolved "https://registry.yarnpkg.com/@ethersproject/hdnode/-/hdnode-5.0.6.tgz#5bc1f30a9c1228aaa84bb209e5b54b30b8b5aea3"
  integrity sha512-cS2xZJZP7Tsaz695U0G3gdTYZatmSjHWY/VQGVc/E1DnLSBz0ZfQaikhU5uzDNLYaOfcEKd7helezrsfU2xguw==
  dependencies:
    "@ethersproject/abstract-signer" "^5.0.4"
    "@ethersproject/basex" "^5.0.3"
    "@ethersproject/bignumber" "^5.0.7"
    "@ethersproject/bytes" "^5.0.4"
    "@ethersproject/logger" "^5.0.5"
    "@ethersproject/pbkdf2" "^5.0.3"
    "@ethersproject/properties" "^5.0.3"
    "@ethersproject/sha2" "^5.0.3"
    "@ethersproject/signing-key" "^5.0.4"
    "@ethersproject/strings" "^5.0.4"
    "@ethersproject/transactions" "^5.0.5"
    "@ethersproject/wordlists" "^5.0.4"

"@ethersproject/json-wallets@5.0.8", "@ethersproject/json-wallets@^5.0.6":
  version "5.0.8"
  resolved "https://registry.yarnpkg.com/@ethersproject/json-wallets/-/json-wallets-5.0.8.tgz#6901ea18c5db54158386f664dcdbec260c6e3c81"
  integrity sha512-henOyQpUTfjI7JLCnEgMR+FYrj2VcGgLNjDSUmhOlGWagrvB9LPH/7MJaXr+GxBuPIRe8pkrD0hjIDD+PMMAZA==
  dependencies:
    "@ethersproject/abstract-signer" "^5.0.4"
    "@ethersproject/address" "^5.0.4"
    "@ethersproject/bytes" "^5.0.4"
    "@ethersproject/hdnode" "^5.0.4"
    "@ethersproject/keccak256" "^5.0.3"
    "@ethersproject/logger" "^5.0.5"
    "@ethersproject/pbkdf2" "^5.0.3"
    "@ethersproject/properties" "^5.0.3"
    "@ethersproject/random" "^5.0.3"
    "@ethersproject/strings" "^5.0.4"
    "@ethersproject/transactions" "^5.0.5"
    aes-js "3.0.0"
    scrypt-js "3.0.1"

"@ethersproject/keccak256@5.0.5", "@ethersproject/keccak256@^5.0.3":
  version "5.0.5"
  resolved "https://registry.yarnpkg.com/@ethersproject/keccak256/-/keccak256-5.0.5.tgz#414752fbdf9a2baa2634f4ed22f555bf5acbf536"
  integrity sha512-9hXXp113jW5yPf27krofmnZ26u5SXsmuvrMTUuXyVdIDIJDLGorVyB2bBiWwENVok92E4WDnfAZHG+A+E6TCMQ==
  dependencies:
    "@ethersproject/bytes" "^5.0.4"
    js-sha3 "0.5.7"

"@ethersproject/logger@5.0.7", "@ethersproject/logger@^5.0.5":
  version "5.0.7"
  resolved "https://registry.yarnpkg.com/@ethersproject/logger/-/logger-5.0.7.tgz#35c226ec6702ff1d6c4dcedd5121e54665f56e44"
  integrity sha512-1wl+kDTPdDptpQdrkTmImubygUf0mVeo0I/p8d21qdzT16h/GnoJWt7q6Kt0xvTfcI7Jv4kryskxI2xV++w5Hg==

"@ethersproject/networks@5.0.5", "@ethersproject/networks@^5.0.3":
  version "5.0.5"
  resolved "https://registry.yarnpkg.com/@ethersproject/networks/-/networks-5.0.5.tgz#bd33013bc62b48bb4b8ce45ad3b05a602cb7eba2"
  integrity sha512-DEcGEoRPtpbM+no9JmpwdCVVQELqYhP42BKArLsqps6nIEqOInWnjfpXfEss+nTrBp3zDrL4KNfOe7mS96C/mQ==
  dependencies:
    "@ethersproject/logger" "^5.0.5"

"@ethersproject/pbkdf2@5.0.5", "@ethersproject/pbkdf2@^5.0.3":
  version "5.0.5"
  resolved "https://registry.yarnpkg.com/@ethersproject/pbkdf2/-/pbkdf2-5.0.5.tgz#29e79b7e6433e27b4bdfd3ae4a73d2d76725c657"
  integrity sha512-cIi1idxnAE0mN0BqVAZ3/QDfAtl6fY2uvHgzjKmUwKt0+DR5Vsmo9vomSXxMm3zcoh4MyaPSc5XvU5GkPpOXKg==
  dependencies:
    "@ethersproject/bytes" "^5.0.4"
    "@ethersproject/sha2" "^5.0.3"

"@ethersproject/properties@5.0.5", "@ethersproject/properties@^5.0.3", "@ethersproject/properties@^5.0.4":
  version "5.0.5"
  resolved "https://registry.yarnpkg.com/@ethersproject/properties/-/properties-5.0.5.tgz#fb28b8dab39e876b9ca49b9b46b9f7bd95e2e469"
  integrity sha512-2HwajwTUwlrOsiLVyyxiS4oP0a4xBNi1i90/kDJESmtlDmf2DkrY6qjBssa9YnWoEH34N/ZpLFVndimIrlo8kg==
  dependencies:
    "@ethersproject/logger" "^5.0.5"

"@ethersproject/providers@5.0.15":
  version "5.0.15"
  resolved "https://registry.yarnpkg.com/@ethersproject/providers/-/providers-5.0.15.tgz#7e256ae31a0ec5ff8cbd658e49e4ece2964cf7fb"
  integrity sha512-9SrJkIQiqq9tDHQhUG6rKG0YApra0ByVINSJq8A33JvBhYlyYsFXofdy8S2FzzZRXwNAo90f44q+Pfi9stiB6A==
  dependencies:
    "@ethersproject/abstract-provider" "^5.0.4"
    "@ethersproject/abstract-signer" "^5.0.4"
    "@ethersproject/address" "^5.0.4"
    "@ethersproject/basex" "^5.0.3"
    "@ethersproject/bignumber" "^5.0.7"
    "@ethersproject/bytes" "^5.0.4"
    "@ethersproject/constants" "^5.0.4"
    "@ethersproject/hash" "^5.0.4"
    "@ethersproject/logger" "^5.0.5"
    "@ethersproject/networks" "^5.0.3"
    "@ethersproject/properties" "^5.0.3"
    "@ethersproject/random" "^5.0.3"
    "@ethersproject/rlp" "^5.0.3"
    "@ethersproject/sha2" "^5.0.3"
    "@ethersproject/strings" "^5.0.4"
    "@ethersproject/transactions" "^5.0.5"
    "@ethersproject/web" "^5.0.6"
    bech32 "1.1.4"
    ws "7.2.3"

"@ethersproject/random@5.0.5", "@ethersproject/random@^5.0.3":
  version "5.0.5"
  resolved "https://registry.yarnpkg.com/@ethersproject/random/-/random-5.0.5.tgz#843ba49280b2377299deb1dfabdc0c3a9907aeef"
  integrity sha512-MZU+W03FVEKeiKb9w/guTMiBa17Wub6mTNeVLQk8Nte/7onXt8iRgdPGoXquXhyM6lqL8PsxeunFYYa6azr0rA==
  dependencies:
    "@ethersproject/bytes" "^5.0.4"
    "@ethersproject/logger" "^5.0.5"

"@ethersproject/rlp@5.0.5", "@ethersproject/rlp@^5.0.3":
  version "5.0.5"
  resolved "https://registry.yarnpkg.com/@ethersproject/rlp/-/rlp-5.0.5.tgz#9670e0ad0cba701593e3b0b2ab5e7404486979fa"
  integrity sha512-RAUhk5+VH2UquTawgf7eK1i4Qbbzt0Ky6M27Q9JniRx0SBqmTkbKx/iXRZN/0x9vqQJhT596Z3vVevhqSa+GPQ==
  dependencies:
    "@ethersproject/bytes" "^5.0.4"
    "@ethersproject/logger" "^5.0.5"

"@ethersproject/sha2@5.0.5", "@ethersproject/sha2@^5.0.3":
  version "5.0.5"
  resolved "https://registry.yarnpkg.com/@ethersproject/sha2/-/sha2-5.0.5.tgz#d29c46adbaec6115b6c5d509df440f4f4d82162e"
  integrity sha512-DbBlEtWc6ssQbbN61Jc5XOYcXPkkPr3lPAj+v4kqZ5MIJN2mHk8B9+oCoArp/uDqFXuJlpSze19p/kdSDOljKQ==
  dependencies:
    "@ethersproject/bytes" "^5.0.4"
    "@ethersproject/logger" "^5.0.5"
    hash.js "1.1.3"

"@ethersproject/signing-key@5.0.6", "@ethersproject/signing-key@^5.0.4":
  version "5.0.6"
  resolved "https://registry.yarnpkg.com/@ethersproject/signing-key/-/signing-key-5.0.6.tgz#78550155cf84fa78bde2ac1f723182f80c4c8cb3"
  integrity sha512-KjyePQsh+L6BwmPWD5JoXCrRGjNfYSD5YeXQhy6YWQeMAfG0+WMG7U2SKzl+DWM+8/Ymat3s6o3U2GLXhGrcMg==
  dependencies:
    "@ethersproject/bytes" "^5.0.4"
    "@ethersproject/logger" "^5.0.5"
    "@ethersproject/properties" "^5.0.3"
    elliptic "6.5.3"

"@ethersproject/solidity@5.0.6":
  version "5.0.6"
  resolved "https://registry.yarnpkg.com/@ethersproject/solidity/-/solidity-5.0.6.tgz#5e149b0a4b4a6da1b75973893071452924eb45f7"
  integrity sha512-77bse7hVwv79QDRFg+rtahg1pcpIx6JKoRlctZOP+ePd0pSSP4/0uJMsJ9bL+CLOLtQEAd/bgvxs9OUbe7DQtw==
  dependencies:
    "@ethersproject/bignumber" "^5.0.7"
    "@ethersproject/bytes" "^5.0.4"
    "@ethersproject/keccak256" "^5.0.3"
    "@ethersproject/sha2" "^5.0.3"
    "@ethersproject/strings" "^5.0.4"

"@ethersproject/strings@5.0.6", "@ethersproject/strings@^5.0.4":
  version "5.0.6"
  resolved "https://registry.yarnpkg.com/@ethersproject/strings/-/strings-5.0.6.tgz#722295012a052d68a42418404213b190a34c453b"
  integrity sha512-eJf0TKk/X2MvR3OSaOsS4XhKkWTi4p7YrZp2P1DaiTP+xsxizMYI1Ds5VUB4DH4RIseUe4Sbf6eN2dfG+fhW2w==
  dependencies:
    "@ethersproject/bytes" "^5.0.4"
    "@ethersproject/constants" "^5.0.4"
    "@ethersproject/logger" "^5.0.5"

"@ethersproject/transactions@5.0.7", "@ethersproject/transactions@^5.0.5":
  version "5.0.7"
  resolved "https://registry.yarnpkg.com/@ethersproject/transactions/-/transactions-5.0.7.tgz#76260ab2df7de406371963ab7df1d50d1ca9139e"
  integrity sha512-U7dyBMQ73lHUoAnp3fdcfhgvJwcow88b0/q7Fl6Id21/Ll7Dxe7qrWjR6pH6XTKV+h2a74o/pJS7CxNiwahaHw==
  dependencies:
    "@ethersproject/address" "^5.0.4"
    "@ethersproject/bignumber" "^5.0.7"
    "@ethersproject/bytes" "^5.0.4"
    "@ethersproject/constants" "^5.0.4"
    "@ethersproject/keccak256" "^5.0.3"
    "@ethersproject/logger" "^5.0.5"
    "@ethersproject/properties" "^5.0.3"
    "@ethersproject/rlp" "^5.0.3"
    "@ethersproject/signing-key" "^5.0.4"

"@ethersproject/units@5.0.7":
  version "5.0.7"
  resolved "https://registry.yarnpkg.com/@ethersproject/units/-/units-5.0.7.tgz#7767eaa2e6719aa98035dcc31a6843b5cef552d0"
  integrity sha512-7j4uajJhMaWN5/k/rjPl5W8iOGNn/hBButIERfpbopo+je95sm4YfveFCrEhHGvNTJcRbNo/doy5mKSldvTiog==
  dependencies:
    "@ethersproject/bignumber" "^5.0.7"
    "@ethersproject/constants" "^5.0.4"
    "@ethersproject/logger" "^5.0.5"

"@ethersproject/wallet@5.0.8":
  version "5.0.8"
  resolved "https://registry.yarnpkg.com/@ethersproject/wallet/-/wallet-5.0.8.tgz#8c650985e01ecbf31669d0caa939dd02febf37e7"
  integrity sha512-sraAhJPuuvcfqh/Af1nkQzyozUb9yyQGtNEwcDgU4bzIoltnFpr3CzPoXN6QIxh/bKCYq2LG5++Jui2hjIIPuw==
  dependencies:
    "@ethersproject/abstract-provider" "^5.0.4"
    "@ethersproject/abstract-signer" "^5.0.4"
    "@ethersproject/address" "^5.0.4"
    "@ethersproject/bignumber" "^5.0.7"
    "@ethersproject/bytes" "^5.0.4"
    "@ethersproject/hash" "^5.0.4"
    "@ethersproject/hdnode" "^5.0.4"
    "@ethersproject/json-wallets" "^5.0.6"
    "@ethersproject/keccak256" "^5.0.3"
    "@ethersproject/logger" "^5.0.5"
    "@ethersproject/properties" "^5.0.3"
    "@ethersproject/random" "^5.0.3"
    "@ethersproject/signing-key" "^5.0.4"
    "@ethersproject/transactions" "^5.0.5"
    "@ethersproject/wordlists" "^5.0.4"

"@ethersproject/web@5.0.10", "@ethersproject/web@^5.0.6":
  version "5.0.10"
  resolved "https://registry.yarnpkg.com/@ethersproject/web/-/web-5.0.10.tgz#ed4dc04ad9e81a68d44fc67afb38f1ed0578a647"
  integrity sha512-j49TbzUJBggILUuZahNXG59ugktjfCJyJfNhmC068DwIG0k+ygYK2BV1CWP3uuh7H2DHZ6LMLC+IsWWKb8MDlA==
  dependencies:
    "@ethersproject/base64" "^5.0.3"
    "@ethersproject/bytes" "^5.0.4"
    "@ethersproject/logger" "^5.0.5"
    "@ethersproject/properties" "^5.0.3"
    "@ethersproject/strings" "^5.0.4"

"@ethersproject/wordlists@5.0.6", "@ethersproject/wordlists@^5.0.4":
  version "5.0.6"
  resolved "https://registry.yarnpkg.com/@ethersproject/wordlists/-/wordlists-5.0.6.tgz#d9afcae108911a3acab8ddff2951051bb574fa27"
  integrity sha512-dEs2DW+YcX/2y5zpAf9KF72zOtzlPbjG80LQlwX/YXoFH8eJpvaQyXJUHceeJhJBw8B6bgF6Ps9jW7VuGPrf6Q==
  dependencies:
    "@ethersproject/bytes" "^5.0.4"
    "@ethersproject/hash" "^5.0.4"
    "@ethersproject/logger" "^5.0.5"
    "@ethersproject/properties" "^5.0.3"
    "@ethersproject/strings" "^5.0.4"

"@types/lodash@^4.14.161":
  version "4.14.165"
  resolved "https://registry.yarnpkg.com/@types/lodash/-/lodash-4.14.165.tgz#74d55d947452e2de0742bad65270433b63a8c30f"
  integrity sha512-tjSSOTHhI5mCHTy/OOXYIhi2Wt1qcbHmuXD1Ha7q70CgI/I71afO4XtLb/cVexki1oVYchpul/TOuu3Arcdxrg==

aes-js@3.0.0:
  version "3.0.0"
  resolved "https://registry.yarnpkg.com/aes-js/-/aes-js-3.0.0.tgz#e21df10ad6c2053295bcbb8dab40b09dbea87e4d"
  integrity sha1-4h3xCtbCBTKVvLuNq0Cwnb6ofk0=

axios@^0.19.2:
  version "0.19.2"
  resolved "https://registry.yarnpkg.com/axios/-/axios-0.19.2.tgz#3ea36c5d8818d0d5f8a8a97a6d36b86cdc00cb27"
  integrity sha512-fjgm5MvRHLhx+osE2xoekY70AhARk3a6hkN+3Io1jc00jtquGvxYlKlsFUhmUET0V5te6CcZI7lcv2Ym61mjHA==
  dependencies:
    follow-redirects "1.5.10"

bech32@1.1.4:
  version "1.1.4"
  resolved "https://registry.yarnpkg.com/bech32/-/bech32-1.1.4.tgz#e38c9f37bf179b8eb16ae3a772b40c356d4832e9"
  integrity sha512-s0IrSOzLlbvX7yp4WBfPITzpAU8sqQcpsmwXDiKwrG4r491vwCO/XpejasRNl0piBMe/DvP4Tz0mIS/X1DPJBQ==

bignumber.js@^9.0.0:
  version "9.0.1"
  resolved "https://registry.yarnpkg.com/bignumber.js/-/bignumber.js-9.0.1.tgz#8d7ba124c882bfd8e43260c67475518d0689e4e5"
  integrity sha512-IdZR9mh6ahOBv/hYGiXyVuyCetmGJhtYkqLBpTStdhEGjegpPlUawydyaF3pbIOFynJTpllEs+NP+CS9jKFLjA==

bn.js@^4.4.0:
  version "4.11.9"
  resolved "https://registry.yarnpkg.com/bn.js/-/bn.js-4.11.9.tgz#26d556829458f9d1e81fc48952493d0ba3507828"
  integrity sha512-E6QoYqCKZfgatHTdHzs1RRKP7ip4vvm+EyRUeE2RF0NblwVvb0p6jSVeNTOFxPn26QXN2o6SMfNxKp6kU8zQaw==

brorand@^1.0.1:
  version "1.1.0"
  resolved "https://registry.yarnpkg.com/brorand/-/brorand-1.1.0.tgz#12c25efe40a45e3c323eb8675a0a0ce57b22371f"
  integrity sha1-EsJe/kCkXjwyPrhnWgoM5XsiNx8=

debug@=3.1.0:
  version "3.1.0"
  resolved "https://registry.yarnpkg.com/debug/-/debug-3.1.0.tgz#5bb5a0672628b64149566ba16819e61518c67261"
  integrity sha512-OX8XqP7/1a9cqkxYw2yXss15f26NKWBpDXQd0/uK/KPqdQhxbPa994hnzjcE2VqQpDslf55723cKPUOGSmMY3g==
  dependencies:
    ms "2.0.0"

elliptic@6.5.3:
  version "6.5.3"
  resolved "https://registry.yarnpkg.com/elliptic/-/elliptic-6.5.3.tgz#cb59eb2efdaf73a0bd78ccd7015a62ad6e0f93d6"
  integrity sha512-IMqzv5wNQf+E6aHeIqATs0tOLeOTwj1QKbRcS3jBbYkl5oLAserA8yJTT7/VyHUYG91PRmPyeQDObKLPpeS4dw==
  dependencies:
    bn.js "^4.4.0"
    brorand "^1.0.1"
    hash.js "^1.0.0"
    hmac-drbg "^1.0.0"
    inherits "^2.0.1"
    minimalistic-assert "^1.0.0"
    minimalistic-crypto-utils "^1.0.0"

ethers@^5.0.13:
  version "5.0.20"
  resolved "https://registry.yarnpkg.com/ethers/-/ethers-5.0.20.tgz#ad9d90066df6a6892a41392540a21cdfa9c1fce1"
  integrity sha512-feVzAKjU3gRzOZZgMRScxWbw4R1DxNk/dhswZlFtdZafL/51TB+rTQM3niM2buzzH66DCRF9Qb4vMZ1YZxi1yQ==
  dependencies:
    "@ethersproject/abi" "5.0.8"
    "@ethersproject/abstract-provider" "5.0.6"
    "@ethersproject/abstract-signer" "5.0.8"
    "@ethersproject/address" "5.0.6"
    "@ethersproject/base64" "5.0.5"
    "@ethersproject/basex" "5.0.5"
    "@ethersproject/bignumber" "5.0.9"
    "@ethersproject/bytes" "5.0.6"
    "@ethersproject/constants" "5.0.6"
    "@ethersproject/contracts" "5.0.6"
    "@ethersproject/hash" "5.0.7"
    "@ethersproject/hdnode" "5.0.6"
    "@ethersproject/json-wallets" "5.0.8"
    "@ethersproject/keccak256" "5.0.5"
    "@ethersproject/logger" "5.0.7"
    "@ethersproject/networks" "5.0.5"
    "@ethersproject/pbkdf2" "5.0.5"
    "@ethersproject/properties" "5.0.5"
    "@ethersproject/providers" "5.0.15"
    "@ethersproject/random" "5.0.5"
    "@ethersproject/rlp" "5.0.5"
    "@ethersproject/sha2" "5.0.5"
    "@ethersproject/signing-key" "5.0.6"
    "@ethersproject/solidity" "5.0.6"
    "@ethersproject/strings" "5.0.6"
    "@ethersproject/transactions" "5.0.7"
    "@ethersproject/units" "5.0.7"
    "@ethersproject/wallet" "5.0.8"
    "@ethersproject/web" "5.0.10"
    "@ethersproject/wordlists" "5.0.6"

follow-redirects@1.5.10:
  version "1.5.10"
  resolved "https://registry.yarnpkg.com/follow-redirects/-/follow-redirects-1.5.10.tgz#7b7a9f9aea2fdff36786a94ff643ed07f4ff5e2a"
  integrity sha512-0V5l4Cizzvqt5D44aTXbFZz+FtyXV1vrDN6qrelxtfYQKW0KO0W2T/hkE8xvGa/540LkZlkaUjO4ailYTFtHVQ==
  dependencies:
    debug "=3.1.0"

hash.js@1.1.3:
  version "1.1.3"
  resolved "https://registry.yarnpkg.com/hash.js/-/hash.js-1.1.3.tgz#340dedbe6290187151c1ea1d777a3448935df846"
  integrity sha512-/UETyP0W22QILqS+6HowevwhEFJ3MBJnwTf75Qob9Wz9t0DPuisL8kW8YZMK62dHAKE1c1p+gY1TtOLY+USEHA==
  dependencies:
    inherits "^2.0.3"
    minimalistic-assert "^1.0.0"

hash.js@^1.0.0, hash.js@^1.0.3:
  version "1.1.7"
  resolved "https://registry.yarnpkg.com/hash.js/-/hash.js-1.1.7.tgz#0babca538e8d4ee4a0f8988d68866537a003cf42"
  integrity sha512-taOaskGt4z4SOANNseOviYDvjEJinIkRgmp7LbKP2YTTmVxWBl87s/uzK9r+44BclBSp2X7K1hqeNfz9JbBeXA==
  dependencies:
    inherits "^2.0.3"
    minimalistic-assert "^1.0.1"

hmac-drbg@^1.0.0:
  version "1.0.1"
  resolved "https://registry.yarnpkg.com/hmac-drbg/-/hmac-drbg-1.0.1.tgz#d2745701025a6c775a6c545793ed502fc0c649a1"
  integrity sha1-0nRXAQJabHdabFRXk+1QL8DGSaE=
  dependencies:
    hash.js "^1.0.3"
    minimalistic-assert "^1.0.0"
    minimalistic-crypto-utils "^1.0.1"

inherits@^2.0.1, inherits@^2.0.3:
  version "2.0.4"
  resolved "https://registry.yarnpkg.com/inherits/-/inherits-2.0.4.tgz#0fa2c64f932917c3433a0ded55363aae37416b7c"
  integrity sha512-k/vGaX4/Yla3WzyMCvTQOXYeIHvqOKtnqBduzTHpzpQZzAskKMhZ2K+EnBiSM9zGSoIFeMpXKxa4dYeZIQqewQ==

js-sha3@0.5.7:
  version "0.5.7"
  resolved "https://registry.yarnpkg.com/js-sha3/-/js-sha3-0.5.7.tgz#0d4ffd8002d5333aabaf4a23eed2f6374c9f28e7"
  integrity sha1-DU/9gALVMzqrr0oj7tL2N0yfKOc=

lodash@^4.17.20:
  version "4.17.20"
  resolved "https://registry.yarnpkg.com/lodash/-/lodash-4.17.20.tgz#b44a9b6297bcb698f1c51a3545a2b3b368d59c52"
  integrity sha512-PlhdFcillOINfeV7Ni6oF1TAEayyZBoZ8bcshTHqOYJYlrqzRK5hagpagky5o4HfCzzd1TRkXPMFq6cKk9rGmA==

minimalistic-assert@^1.0.0, minimalistic-assert@^1.0.1:
  version "1.0.1"
  resolved "https://registry.yarnpkg.com/minimalistic-assert/-/minimalistic-assert-1.0.1.tgz#2e194de044626d4a10e7f7fbc00ce73e83e4d5c7"
  integrity sha512-UtJcAD4yEaGtjPezWuO9wC4nwUnVH/8/Im3yEHQP4b67cXlD/Qr9hdITCU1xDbSEXg2XKNaP8jsReV7vQd00/A==

minimalistic-crypto-utils@^1.0.0, minimalistic-crypto-utils@^1.0.1:
  version "1.0.1"
  resolved "https://registry.yarnpkg.com/minimalistic-crypto-utils/-/minimalistic-crypto-utils-1.0.1.tgz#f6c00c1c0b082246e5c4d99dfb8c7c083b2b582a"
  integrity sha1-9sAMHAsIIkblxNmd+4x8CDsrWCo=

ms@2.0.0:
  version "2.0.0"
  resolved "https://registry.yarnpkg.com/ms/-/ms-2.0.0.tgz#5608aeadfc00be6c2901df5f9861788de0d597c8"
  integrity sha1-VgiurfwAvmwpAd9fmGF4jeDVl8g=

scrypt-js@3.0.1:
  version "3.0.1"
  resolved "https://registry.yarnpkg.com/scrypt-js/-/scrypt-js-3.0.1.tgz#d314a57c2aef69d1ad98a138a21fe9eafa9ee312"
  integrity sha512-cdwTTnqPu0Hyvf5in5asVdZocVDTNRmR7XEcJuIzMjJeSHybHl7vpB66AzwTaIg6CLSbtjcxc8fqcySfnTkccA==

ws@7.2.3:
  version "7.2.3"
  resolved "https://registry.yarnpkg.com/ws/-/ws-7.2.3.tgz#a5411e1fb04d5ed0efee76d26d5c46d830c39b46"
  integrity sha512-HTDl9G9hbkNDk98naoR/cHDws7+EyYMOdL1BmjsZXRUjf7d+MficC4B7HLUPlSiho0vg+CWKrGIt/VJBd1xunQ==
