# THIS IS AN AUTOGENERATED FILE. DO NOT EDIT THIS FILE DIRECTLY.
# yarn lockfile v1


"@ethersproject/abi@5.0.9", "@ethersproject/abi@^5.0.5":
  version "5.0.9"
  resolved "https://registry.yarnpkg.com/@ethersproject/abi/-/abi-5.0.9.tgz#738c1c557e56d8f395a5a27caef9b0449bc85a10"
  integrity sha512-ily2OufA2DTrxkiHQw5GqbkMSnNKuwZBqKsajtT0ERhZy1r9w2CpW1bmtRMIGzaqQxCdn/GEoFogexk72cBBZQ==
  dependencies:
    "@ethersproject/address" "^5.0.4"
    "@ethersproject/bignumber" "^5.0.7"
    "@ethersproject/bytes" "^5.0.4"
    "@ethersproject/constants" "^5.0.4"
    "@ethersproject/hash" "^5.0.4"
    "@ethersproject/keccak256" "^5.0.3"
    "@ethersproject/logger" "^5.0.5"
    "@ethersproject/properties" "^5.0.3"
    "@ethersproject/strings" "^5.0.4"

"@ethersproject/abstract-provider@5.0.7", "@ethersproject/abstract-provider@^5.0.4":
  version "5.0.7"
  resolved "https://registry.yarnpkg.com/@ethersproject/abstract-provider/-/abstract-provider-5.0.7.tgz#04ee3bfe43323384e7fecf6c774975b8dec4bdc9"
  integrity sha512-NF16JGn6M0zZP5ZS8KtDL2Rh7yHxZbUjBIHLNHMm/0X0BephhjUWy8jqs/Zks6kDJRzNthgmPVy41Ec0RYWPYA==
  dependencies:
    "@ethersproject/bignumber" "^5.0.7"
    "@ethersproject/bytes" "^5.0.4"
    "@ethersproject/logger" "^5.0.5"
    "@ethersproject/networks" "^5.0.3"
    "@ethersproject/properties" "^5.0.3"
    "@ethersproject/transactions" "^5.0.5"
    "@ethersproject/web" "^5.0.6"

"@ethersproject/abstract-signer@5.0.9", "@ethersproject/abstract-signer@^5.0.4", "@ethersproject/abstract-signer@^5.0.6":
  version "5.0.9"
  resolved "https://registry.yarnpkg.com/@ethersproject/abstract-signer/-/abstract-signer-5.0.9.tgz#238ddc06031aeb9dfceee2add965292d7dd1acbf"
  integrity sha512-CM5UNmXQaA03MyYARFDDRjHWBxujO41tVle7glf5kHcQsDDULgqSVpkliLJMtPzZjOKFeCVZBHybTZDEZg5zzg==
  dependencies:
    "@ethersproject/abstract-provider" "^5.0.4"
    "@ethersproject/bignumber" "^5.0.7"
    "@ethersproject/bytes" "^5.0.4"
    "@ethersproject/logger" "^5.0.5"
    "@ethersproject/properties" "^5.0.3"

"@ethersproject/address@5.0.8", "@ethersproject/address@^5.0.4", "@ethersproject/address@^5.0.5":
  version "5.0.8"
  resolved "https://registry.yarnpkg.com/@ethersproject/address/-/address-5.0.8.tgz#0c551659144a5a7643c6bea337149d410825298f"
  integrity sha512-V87DHiZMZR6hmFYmoGaHex0D53UEbZpW75uj8AqPbjYUmi65RB4N2LPRcJXuWuN2R0Y2CxkvW6ArijWychr5FA==
  dependencies:
    "@ethersproject/bignumber" "^5.0.10"
    "@ethersproject/bytes" "^5.0.4"
    "@ethersproject/keccak256" "^5.0.3"
    "@ethersproject/logger" "^5.0.5"
    "@ethersproject/rlp" "^5.0.3"

"@ethersproject/base64@5.0.6", "@ethersproject/base64@^5.0.3":
  version "5.0.6"
  resolved "https://registry.yarnpkg.com/@ethersproject/base64/-/base64-5.0.6.tgz#26311ebf29ea3d0b9c300ccf3e1fdc44b7481516"
  integrity sha512-HwrGn8YMiUf7bcdVvB4NJ+eWT0BtEFpDtrYxVXEbR7p/XBSJjwiR7DEggIiRvxbualMKg+EZijQWJ3az2li0uw==
  dependencies:
    "@ethersproject/bytes" "^5.0.4"

"@ethersproject/basex@5.0.6", "@ethersproject/basex@^5.0.3":
  version "5.0.6"
  resolved "https://registry.yarnpkg.com/@ethersproject/basex/-/basex-5.0.6.tgz#ab95c32e48288a3d868726463506641cb1e9fb6b"
  integrity sha512-Y/8dowRxBF3bsKkqEp7XN4kcFFQ0o5xxP1YyopfqkXejaOEGiD7ToQdQ0pIZpAJ5GreW56oFOTDDSO6ZcUCNYg==
  dependencies:
    "@ethersproject/bytes" "^5.0.4"
    "@ethersproject/properties" "^5.0.3"

"@ethersproject/bignumber@5.0.12", "@ethersproject/bignumber@^5.0.10", "@ethersproject/bignumber@^5.0.7", "@ethersproject/bignumber@^5.0.8":
  version "5.0.12"
  resolved "https://registry.yarnpkg.com/@ethersproject/bignumber/-/bignumber-5.0.12.tgz#fe4a78667d7cb01790f75131147e82d6ea7e7cba"
  integrity sha512-mbFZjwthx6vFlHG9owXP/C5QkNvsA+xHpDCkPPPdG2n1dS9AmZAL5DI0InNLid60rQWL3MXpEl19tFmtL7Q9jw==
  dependencies:
    "@ethersproject/bytes" "^5.0.8"
    "@ethersproject/logger" "^5.0.5"
    bn.js "^4.4.0"

"@ethersproject/bytes@5.0.8", "@ethersproject/bytes@^5.0.4", "@ethersproject/bytes@^5.0.8":
  version "5.0.8"
  resolved "https://registry.yarnpkg.com/@ethersproject/bytes/-/bytes-5.0.8.tgz#cf1246a6a386086e590063a4602b1ffb6cc43db1"
  integrity sha512-O+sJNVGzzuy51g+EMK8BegomqNIg+C2RO6vOt0XP6ac4o4saiq69FnjlsrNslaiMFVO7qcEHBsWJ9hx1tj1lMw==
  dependencies:
    "@ethersproject/logger" "^5.0.5"

"@ethersproject/constants@5.0.7", "@ethersproject/constants@^5.0.4":
  version "5.0.7"
  resolved "https://registry.yarnpkg.com/@ethersproject/constants/-/constants-5.0.7.tgz#44ff979e5781b17c8c6901266896c3ee745f4e7e"
  integrity sha512-cbQK1UpE4hamB52Eg6DLhJoXeQ1plSzekh5Ujir1xdREdwdsZPPXKczkrWqBBR0KyywJZHN/o/hj0w8j7scSGg==
  dependencies:
    "@ethersproject/bignumber" "^5.0.7"

"@ethersproject/contracts@5.0.8":
  version "5.0.8"
  resolved "https://registry.yarnpkg.com/@ethersproject/contracts/-/contracts-5.0.8.tgz#71d3ba16853a1555be2e161a6741df186f81c73b"
  integrity sha512-PecBL4vnsrpuks2lzzkRsOts8csJy338HNDKDIivbFmx92BVzh3ohOOv3XsoYPSXIHQvobF959W+aSk3RCZL/g==
  dependencies:
    "@ethersproject/abi" "^5.0.5"
    "@ethersproject/abstract-provider" "^5.0.4"
    "@ethersproject/abstract-signer" "^5.0.4"
    "@ethersproject/address" "^5.0.4"
    "@ethersproject/bignumber" "^5.0.7"
    "@ethersproject/bytes" "^5.0.4"
    "@ethersproject/constants" "^5.0.4"
    "@ethersproject/logger" "^5.0.5"
    "@ethersproject/properties" "^5.0.3"

"@ethersproject/hash@5.0.8", "@ethersproject/hash@^5.0.4":
  version "5.0.8"
  resolved "https://registry.yarnpkg.com/@ethersproject/hash/-/hash-5.0.8.tgz#368a60addc3c5cd18e28f78c80dc94e1bacb82d8"
  integrity sha512-Qay01tcFyFreYjSMt82rOQGMfQDmLm1sj3iNNO1BhrVf840xgBZuJ7gBATERzAjTuTCHUHw9BuGwxErJUS95yg==
  dependencies:
    "@ethersproject/abstract-signer" "^5.0.6"
    "@ethersproject/address" "^5.0.5"
    "@ethersproject/bignumber" "^5.0.8"
    "@ethersproject/bytes" "^5.0.4"
    "@ethersproject/keccak256" "^5.0.3"
    "@ethersproject/logger" "^5.0.5"
    "@ethersproject/properties" "^5.0.4"
    "@ethersproject/strings" "^5.0.4"

"@ethersproject/hdnode@5.0.7", "@ethersproject/hdnode@^5.0.4":
  version "5.0.7"
  resolved "https://registry.yarnpkg.com/@ethersproject/hdnode/-/hdnode-5.0.7.tgz#c7bce94a337ea65e37c46bab09a83e1c1a555d99"
  integrity sha512-89tphqlji4y/LNE1cSaMQ3hrBtJ4lO1qWGi2hn54LiHym85DTw+zAKbA8QgmdSdJDLGR/kc9VHaIPQ+vZQ2LkQ==
  dependencies:
    "@ethersproject/abstract-signer" "^5.0.4"
    "@ethersproject/basex" "^5.0.3"
    "@ethersproject/bignumber" "^5.0.7"
    "@ethersproject/bytes" "^5.0.4"
    "@ethersproject/logger" "^5.0.5"
    "@ethersproject/pbkdf2" "^5.0.3"
    "@ethersproject/properties" "^5.0.3"
    "@ethersproject/sha2" "^5.0.3"
    "@ethersproject/signing-key" "^5.0.4"
    "@ethersproject/strings" "^5.0.4"
    "@ethersproject/transactions" "^5.0.5"
    "@ethersproject/wordlists" "^5.0.4"

"@ethersproject/json-wallets@5.0.9", "@ethersproject/json-wallets@^5.0.6":
  version "5.0.9"
  resolved "https://registry.yarnpkg.com/@ethersproject/json-wallets/-/json-wallets-5.0.9.tgz#2e1708c2854c4ab764e35920bd1f44c948b95434"
  integrity sha512-EWuFvJd8nu90dkmJwmJddxOYCvFvMkKBsZi8rxTme2XEZsHKOFnybVkoL23u7ZtApuEfTKmVcR2PTwgZwqDsKw==
  dependencies:
    "@ethersproject/abstract-signer" "^5.0.4"
    "@ethersproject/address" "^5.0.4"
    "@ethersproject/bytes" "^5.0.4"
    "@ethersproject/hdnode" "^5.0.4"
    "@ethersproject/keccak256" "^5.0.3"
    "@ethersproject/logger" "^5.0.5"
    "@ethersproject/pbkdf2" "^5.0.3"
    "@ethersproject/properties" "^5.0.3"
    "@ethersproject/random" "^5.0.3"
    "@ethersproject/strings" "^5.0.4"
    "@ethersproject/transactions" "^5.0.5"
    aes-js "3.0.0"
    scrypt-js "3.0.1"

"@ethersproject/keccak256@5.0.6", "@ethersproject/keccak256@^5.0.3":
  version "5.0.6"
  resolved "https://registry.yarnpkg.com/@ethersproject/keccak256/-/keccak256-5.0.6.tgz#5b5ba715ef1be86efde5c271f896fa0daf0e1efe"
  integrity sha512-eJ4Id/i2rwrf5JXEA7a12bG1phuxjj47mPZgDUbttuNBodhSuZF2nEO5QdpaRjmlphQ8Kt9PNqY/z7lhtJptZg==
  dependencies:
    "@ethersproject/bytes" "^5.0.4"
    js-sha3 "0.5.7"

"@ethersproject/logger@5.0.8", "@ethersproject/logger@^5.0.5":
  version "5.0.8"
  resolved "https://registry.yarnpkg.com/@ethersproject/logger/-/logger-5.0.8.tgz#135c1903d35c878265f3cbf2b287042c4c20d5d4"
  integrity sha512-SkJCTaVTnaZ3/ieLF5pVftxGEFX56pTH+f2Slrpv7cU0TNpUZNib84QQdukd++sWUp/S7j5t5NW+WegbXd4U/A==

"@ethersproject/networks@5.0.6", "@ethersproject/networks@^5.0.3":
  version "5.0.6"
  resolved "https://registry.yarnpkg.com/@ethersproject/networks/-/networks-5.0.6.tgz#4d6586bbebfde1c027504ebf6dfb783b29c3803a"
  integrity sha512-2Cg1N5109zzFOBfkyuPj+FfF7ioqAsRffmybJ2lrsiB5skphIAE72XNSCs4fqktlf+rwSh/5o/UXRjXxvSktZw==
  dependencies:
    "@ethersproject/logger" "^5.0.5"

"@ethersproject/pbkdf2@5.0.6", "@ethersproject/pbkdf2@^5.0.3":
  version "5.0.6"
  resolved "https://registry.yarnpkg.com/@ethersproject/pbkdf2/-/pbkdf2-5.0.6.tgz#105dbfb08cd5fcf33869b42bfdc35a3ebd978cbd"
  integrity sha512-CUYciSxR/AaCoKMJk3WUW+BDhR41G3C+O9lOeZ4bR1wDhLKL2Z8p0ciF5XDEiVbmI4CToW6boVKybeVMdngRrg==
  dependencies:
    "@ethersproject/bytes" "^5.0.4"
    "@ethersproject/sha2" "^5.0.3"

"@ethersproject/properties@5.0.6", "@ethersproject/properties@^5.0.3", "@ethersproject/properties@^5.0.4":
  version "5.0.6"
  resolved "https://registry.yarnpkg.com/@ethersproject/properties/-/properties-5.0.6.tgz#44d82aaa294816fd63333e7def42426cf0e87b3b"
  integrity sha512-a9DUMizYhJ0TbtuDkO9iYlb2CDlpSKqGPDr+amvlZhRspQ6jbl5Eq8jfu4SCcGlcfaTbguJmqGnyOGn1EFt6xA==
  dependencies:
    "@ethersproject/logger" "^5.0.5"

"@ethersproject/providers@5.0.17":
  version "5.0.17"
  resolved "https://registry.yarnpkg.com/@ethersproject/providers/-/providers-5.0.17.tgz#f380e7831149e24e7a1c6c9b5fb1d6dfc729d024"
  integrity sha512-bJnvs5X7ttU5x2ekGJYG7R3Z+spZawLFfR0IDsbaMDLiCwZOyrgk+VTBU7amSFLT0WUhWFv8WwSUB+AryCQG1Q==
  dependencies:
    "@ethersproject/abstract-provider" "^5.0.4"
    "@ethersproject/abstract-signer" "^5.0.4"
    "@ethersproject/address" "^5.0.4"
    "@ethersproject/basex" "^5.0.3"
    "@ethersproject/bignumber" "^5.0.7"
    "@ethersproject/bytes" "^5.0.4"
    "@ethersproject/constants" "^5.0.4"
    "@ethersproject/hash" "^5.0.4"
    "@ethersproject/logger" "^5.0.5"
    "@ethersproject/networks" "^5.0.3"
    "@ethersproject/properties" "^5.0.3"
    "@ethersproject/random" "^5.0.3"
    "@ethersproject/rlp" "^5.0.3"
    "@ethersproject/sha2" "^5.0.3"
    "@ethersproject/strings" "^5.0.4"
    "@ethersproject/transactions" "^5.0.5"
    "@ethersproject/web" "^5.0.6"
    bech32 "1.1.4"
    ws "7.2.3"

"@ethersproject/random@5.0.6", "@ethersproject/random@^5.0.3":
  version "5.0.6"
  resolved "https://registry.yarnpkg.com/@ethersproject/random/-/random-5.0.6.tgz#9be80a1065f2b8e6f321dccb3ebeb4886cac9ea4"
  integrity sha512-8nsVNaZvZ9OD5NXfzE4mmz8IH/1DYJbAR95xpRxZkIuNmfn6QlMp49ccJYZWGhs6m0Zj2+FXjx3pzXfYlo9/dA==
  dependencies:
    "@ethersproject/bytes" "^5.0.4"
    "@ethersproject/logger" "^5.0.5"

"@ethersproject/rlp@5.0.6", "@ethersproject/rlp@^5.0.3":
  version "5.0.6"
  resolved "https://registry.yarnpkg.com/@ethersproject/rlp/-/rlp-5.0.6.tgz#29f9097348a3c330811997433b7df89ab51cd644"
  integrity sha512-M223MTaydfmQSsvqAl0FJZDYFlSqt6cgbhnssLDwqCKYegAHE16vrFyo+eiOapYlt32XAIJm0BXlqSunULzZuQ==
  dependencies:
    "@ethersproject/bytes" "^5.0.4"
    "@ethersproject/logger" "^5.0.5"

"@ethersproject/sha2@5.0.6", "@ethersproject/sha2@^5.0.3":
  version "5.0.6"
  resolved "https://registry.yarnpkg.com/@ethersproject/sha2/-/sha2-5.0.6.tgz#175116dc10b866a0a381f6316d094bcc510bee3c"
  integrity sha512-30gypDLkfkP5gE3llqi0jEuRV8m4/nvzeqmqMxiihZ7veFQHqDaGpyFeHzFim+qGeH9fq0lgYjavLvwW69+Fkw==
  dependencies:
    "@ethersproject/bytes" "^5.0.4"
    "@ethersproject/logger" "^5.0.5"
    hash.js "1.1.3"

"@ethersproject/signing-key@5.0.7", "@ethersproject/signing-key@^5.0.4":
  version "5.0.7"
  resolved "https://registry.yarnpkg.com/@ethersproject/signing-key/-/signing-key-5.0.7.tgz#d03bfc5f565efb962bafebf8e6965e70d1c46d31"
  integrity sha512-JYndnhFPKH0daPcIjyhi+GMcw3srIHkQ40hGRe6DA0CdGrpMfgyfSYDQ2D8HL2lgR+Xm4SHfEB0qba6+sCyrvg==
  dependencies:
    "@ethersproject/bytes" "^5.0.4"
    "@ethersproject/logger" "^5.0.5"
    "@ethersproject/properties" "^5.0.3"
    elliptic "6.5.3"

"@ethersproject/solidity@5.0.7":
  version "5.0.7"
  resolved "https://registry.yarnpkg.com/@ethersproject/solidity/-/solidity-5.0.7.tgz#72a3455f47a454db2dcf363992d42e9045dc7fce"
  integrity sha512-dUevKUZ06p/VMLP/+cz4QUV+lA17NixucDJfm0ioWF0B3R0Lf+6wqwPchcqiAXlxkNFGIax7WNLgGMh4CkQ8iw==
  dependencies:
    "@ethersproject/bignumber" "^5.0.7"
    "@ethersproject/bytes" "^5.0.4"
    "@ethersproject/keccak256" "^5.0.3"
    "@ethersproject/sha2" "^5.0.3"
    "@ethersproject/strings" "^5.0.4"

"@ethersproject/strings@5.0.7", "@ethersproject/strings@^5.0.4":
  version "5.0.7"
  resolved "https://registry.yarnpkg.com/@ethersproject/strings/-/strings-5.0.7.tgz#8dc68f794c9e2901f3b75e53b2afbcb6b6c15037"
  integrity sha512-a+6T80LvmXGMOOWQTZHtGGQEg1z4v8rm8oX70KNs55YtPXI/5J3LBbVf5pyqCKSlmiBw5IaepPvs5XGalRUSZQ==
  dependencies:
    "@ethersproject/bytes" "^5.0.4"
    "@ethersproject/constants" "^5.0.4"
    "@ethersproject/logger" "^5.0.5"

"@ethersproject/transactions@5.0.8", "@ethersproject/transactions@^5.0.5":
  version "5.0.8"
  resolved "https://registry.yarnpkg.com/@ethersproject/transactions/-/transactions-5.0.8.tgz#3b4d7041e13b957a9c4f131e0aea9dae7b6f5a23"
  integrity sha512-i7NtOXVzUe+YSU6QufzlRrI2WzHaTmULAKHJv4duIZMLqzehCBXGA9lTpFgFdqGYcQJ7vOtNFC2BB2mSjmuXqg==
  dependencies:
    "@ethersproject/address" "^5.0.4"
    "@ethersproject/bignumber" "^5.0.7"
    "@ethersproject/bytes" "^5.0.4"
    "@ethersproject/constants" "^5.0.4"
    "@ethersproject/keccak256" "^5.0.3"
    "@ethersproject/logger" "^5.0.5"
    "@ethersproject/properties" "^5.0.3"
    "@ethersproject/rlp" "^5.0.3"
    "@ethersproject/signing-key" "^5.0.4"

"@ethersproject/units@5.0.8":
  version "5.0.8"
  resolved "https://registry.yarnpkg.com/@ethersproject/units/-/units-5.0.8.tgz#563325b20fe1eceff7b61857711d5e2b3f38fd09"
  integrity sha512-3O4MaNHFs05vC5v2ZGqVFVWtO1WyqFejO78M7Qh16njo282aoMlENtVI6cn2B36zOLFXRvYt2pYx6xCG53qKzg==
  dependencies:
    "@ethersproject/bignumber" "^5.0.7"
    "@ethersproject/constants" "^5.0.4"
    "@ethersproject/logger" "^5.0.5"

"@ethersproject/wallet@5.0.9":
  version "5.0.9"
  resolved "https://registry.yarnpkg.com/@ethersproject/wallet/-/wallet-5.0.9.tgz#976c7d950489c40308d676869d24e59ab7b82ad1"
  integrity sha512-GfpQF56PO/945SJq7Wdg5F5U6wkxaDgkAzcgGbCW6Joz8oW8MzKItkvYCzMh+j/8gJMzFncsuqX4zg2gq3J6nQ==
  dependencies:
    "@ethersproject/abstract-provider" "^5.0.4"
    "@ethersproject/abstract-signer" "^5.0.4"
    "@ethersproject/address" "^5.0.4"
    "@ethersproject/bignumber" "^5.0.7"
    "@ethersproject/bytes" "^5.0.4"
    "@ethersproject/hash" "^5.0.4"
    "@ethersproject/hdnode" "^5.0.4"
    "@ethersproject/json-wallets" "^5.0.6"
    "@ethersproject/keccak256" "^5.0.3"
    "@ethersproject/logger" "^5.0.5"
    "@ethersproject/properties" "^5.0.3"
    "@ethersproject/random" "^5.0.3"
    "@ethersproject/signing-key" "^5.0.4"
    "@ethersproject/transactions" "^5.0.5"
    "@ethersproject/wordlists" "^5.0.4"

"@ethersproject/web@5.0.11", "@ethersproject/web@^5.0.6":
  version "5.0.11"
  resolved "https://registry.yarnpkg.com/@ethersproject/web/-/web-5.0.11.tgz#d47da612b958b4439e415782a53c8f8461522d68"
  integrity sha512-x03ihbPoN1S8Gsh9WSwxkYxUIumLi02ZEKJku1C43sxBfe+mdprWyvujzYlpuoRNfWRgNhdRDKMP8JbG6MwNGA==
  dependencies:
    "@ethersproject/base64" "^5.0.3"
    "@ethersproject/bytes" "^5.0.4"
    "@ethersproject/logger" "^5.0.5"
    "@ethersproject/properties" "^5.0.3"
    "@ethersproject/strings" "^5.0.4"

"@ethersproject/wordlists@5.0.7", "@ethersproject/wordlists@^5.0.4":
  version "5.0.7"
  resolved "https://registry.yarnpkg.com/@ethersproject/wordlists/-/wordlists-5.0.7.tgz#4e5ad38cfbef746b196a3290c0d41696eb7ab468"
  integrity sha512-ZjQtYxm41FmHfYgpkdQG++EDcBPQWv9O6FfP6NndYRVaXaQZh6eq3sy7HQP8zCZ8dznKgy6ZyKECS8qdvnGHwA==
  dependencies:
    "@ethersproject/bytes" "^5.0.4"
    "@ethersproject/hash" "^5.0.4"
    "@ethersproject/logger" "^5.0.5"
    "@ethersproject/properties" "^5.0.3"
    "@ethersproject/strings" "^5.0.4"

"@types/lodash@^4.14.165":
  version "4.14.165"
  resolved "https://registry.yarnpkg.com/@types/lodash/-/lodash-4.14.165.tgz#74d55d947452e2de0742bad65270433b63a8c30f"
  integrity sha512-tjSSOTHhI5mCHTy/OOXYIhi2Wt1qcbHmuXD1Ha7q70CgI/I71afO4XtLb/cVexki1oVYchpul/TOuu3Arcdxrg==

aes-js@3.0.0:
  version "3.0.0"
  resolved "https://registry.yarnpkg.com/aes-js/-/aes-js-3.0.0.tgz#e21df10ad6c2053295bcbb8dab40b09dbea87e4d"
  integrity sha1-4h3xCtbCBTKVvLuNq0Cwnb6ofk0=

bech32@1.1.4:
  version "1.1.4"
  resolved "https://registry.yarnpkg.com/bech32/-/bech32-1.1.4.tgz#e38c9f37bf179b8eb16ae3a772b40c356d4832e9"
  integrity sha512-s0IrSOzLlbvX7yp4WBfPITzpAU8sqQcpsmwXDiKwrG4r491vwCO/XpejasRNl0piBMe/DvP4Tz0mIS/X1DPJBQ==

bn.js@^4.4.0:
  version "4.11.9"
  resolved "https://registry.yarnpkg.com/bn.js/-/bn.js-4.11.9.tgz#26d556829458f9d1e81fc48952493d0ba3507828"
  integrity sha512-E6QoYqCKZfgatHTdHzs1RRKP7ip4vvm+EyRUeE2RF0NblwVvb0p6jSVeNTOFxPn26QXN2o6SMfNxKp6kU8zQaw==

brorand@^1.0.1:
  version "1.1.0"
  resolved "https://registry.yarnpkg.com/brorand/-/brorand-1.1.0.tgz#12c25efe40a45e3c323eb8675a0a0ce57b22371f"
  integrity sha1-EsJe/kCkXjwyPrhnWgoM5XsiNx8=

elliptic@6.5.3:
  version "6.5.3"
  resolved "https://registry.yarnpkg.com/elliptic/-/elliptic-6.5.3.tgz#cb59eb2efdaf73a0bd78ccd7015a62ad6e0f93d6"
  integrity sha512-IMqzv5wNQf+E6aHeIqATs0tOLeOTwj1QKbRcS3jBbYkl5oLAserA8yJTT7/VyHUYG91PRmPyeQDObKLPpeS4dw==
  dependencies:
    bn.js "^4.4.0"
    brorand "^1.0.1"
    hash.js "^1.0.0"
    hmac-drbg "^1.0.0"
    inherits "^2.0.1"
    minimalistic-assert "^1.0.0"
    minimalistic-crypto-utils "^1.0.0"

ethers@^5.0.13:
  version "5.0.23"
  resolved "https://registry.yarnpkg.com/ethers/-/ethers-5.0.23.tgz#461a6e63c4906d5ea64126d53975ddf2ca81a979"
  integrity sha512-f3pTcgYpMhtmMTMG9KO6pWHYjrCiGz7yVnvMsTQgAYfAVAeUxKy2H1cxQJyqyghRjtAvgVYJlnXQo8mMCD63BA==
  dependencies:
    "@ethersproject/abi" "5.0.9"
    "@ethersproject/abstract-provider" "5.0.7"
    "@ethersproject/abstract-signer" "5.0.9"
    "@ethersproject/address" "5.0.8"
    "@ethersproject/base64" "5.0.6"
    "@ethersproject/basex" "5.0.6"
    "@ethersproject/bignumber" "5.0.12"
    "@ethersproject/bytes" "5.0.8"
    "@ethersproject/constants" "5.0.7"
    "@ethersproject/contracts" "5.0.8"
    "@ethersproject/hash" "5.0.8"
    "@ethersproject/hdnode" "5.0.7"
    "@ethersproject/json-wallets" "5.0.9"
    "@ethersproject/keccak256" "5.0.6"
    "@ethersproject/logger" "5.0.8"
    "@ethersproject/networks" "5.0.6"
    "@ethersproject/pbkdf2" "5.0.6"
    "@ethersproject/properties" "5.0.6"
    "@ethersproject/providers" "5.0.17"
    "@ethersproject/random" "5.0.6"
    "@ethersproject/rlp" "5.0.6"
    "@ethersproject/sha2" "5.0.6"
    "@ethersproject/signing-key" "5.0.7"
    "@ethersproject/solidity" "5.0.7"
    "@ethersproject/strings" "5.0.7"
    "@ethersproject/transactions" "5.0.8"
    "@ethersproject/units" "5.0.8"
    "@ethersproject/wallet" "5.0.9"
    "@ethersproject/web" "5.0.11"
    "@ethersproject/wordlists" "5.0.7"

hash.js@1.1.3:
  version "1.1.3"
  resolved "https://registry.yarnpkg.com/hash.js/-/hash.js-1.1.3.tgz#340dedbe6290187151c1ea1d777a3448935df846"
  integrity sha512-/UETyP0W22QILqS+6HowevwhEFJ3MBJnwTf75Qob9Wz9t0DPuisL8kW8YZMK62dHAKE1c1p+gY1TtOLY+USEHA==
  dependencies:
    inherits "^2.0.3"
    minimalistic-assert "^1.0.0"

hash.js@^1.0.0, hash.js@^1.0.3:
  version "1.1.7"
  resolved "https://registry.yarnpkg.com/hash.js/-/hash.js-1.1.7.tgz#0babca538e8d4ee4a0f8988d68866537a003cf42"
  integrity sha512-taOaskGt4z4SOANNseOviYDvjEJinIkRgmp7LbKP2YTTmVxWBl87s/uzK9r+44BclBSp2X7K1hqeNfz9JbBeXA==
  dependencies:
    inherits "^2.0.3"
    minimalistic-assert "^1.0.1"

hmac-drbg@^1.0.0:
  version "1.0.1"
  resolved "https://registry.yarnpkg.com/hmac-drbg/-/hmac-drbg-1.0.1.tgz#d2745701025a6c775a6c545793ed502fc0c649a1"
  integrity sha1-0nRXAQJabHdabFRXk+1QL8DGSaE=
  dependencies:
    hash.js "^1.0.3"
    minimalistic-assert "^1.0.0"
    minimalistic-crypto-utils "^1.0.1"

inherits@^2.0.1, inherits@^2.0.3:
  version "2.0.4"
  resolved "https://registry.yarnpkg.com/inherits/-/inherits-2.0.4.tgz#0fa2c64f932917c3433a0ded55363aae37416b7c"
  integrity sha512-k/vGaX4/Yla3WzyMCvTQOXYeIHvqOKtnqBduzTHpzpQZzAskKMhZ2K+EnBiSM9zGSoIFeMpXKxa4dYeZIQqewQ==

js-sha3@0.5.7:
  version "0.5.7"
  resolved "https://registry.yarnpkg.com/js-sha3/-/js-sha3-0.5.7.tgz#0d4ffd8002d5333aabaf4a23eed2f6374c9f28e7"
  integrity sha1-DU/9gALVMzqrr0oj7tL2N0yfKOc=

lodash@^4.17.20:
  version "4.17.20"
  resolved "https://registry.yarnpkg.com/lodash/-/lodash-4.17.20.tgz#b44a9b6297bcb698f1c51a3545a2b3b368d59c52"
  integrity sha512-PlhdFcillOINfeV7Ni6oF1TAEayyZBoZ8bcshTHqOYJYlrqzRK5hagpagky5o4HfCzzd1TRkXPMFq6cKk9rGmA==

minimalistic-assert@^1.0.0, minimalistic-assert@^1.0.1:
  version "1.0.1"
  resolved "https://registry.yarnpkg.com/minimalistic-assert/-/minimalistic-assert-1.0.1.tgz#2e194de044626d4a10e7f7fbc00ce73e83e4d5c7"
  integrity sha512-UtJcAD4yEaGtjPezWuO9wC4nwUnVH/8/Im3yEHQP4b67cXlD/Qr9hdITCU1xDbSEXg2XKNaP8jsReV7vQd00/A==

minimalistic-crypto-utils@^1.0.0, minimalistic-crypto-utils@^1.0.1:
  version "1.0.1"
  resolved "https://registry.yarnpkg.com/minimalistic-crypto-utils/-/minimalistic-crypto-utils-1.0.1.tgz#f6c00c1c0b082246e5c4d99dfb8c7c083b2b582a"
  integrity sha1-9sAMHAsIIkblxNmd+4x8CDsrWCo=

scrypt-js@3.0.1:
  version "3.0.1"
  resolved "https://registry.yarnpkg.com/scrypt-js/-/scrypt-js-3.0.1.tgz#d314a57c2aef69d1ad98a138a21fe9eafa9ee312"
  integrity sha512-cdwTTnqPu0Hyvf5in5asVdZocVDTNRmR7XEcJuIzMjJeSHybHl7vpB66AzwTaIg6CLSbtjcxc8fqcySfnTkccA==

ws@7.2.3:
  version "7.2.3"
  resolved "https://registry.yarnpkg.com/ws/-/ws-7.2.3.tgz#a5411e1fb04d5ed0efee76d26d5c46d830c39b46"
  integrity sha512-HTDl9G9hbkNDk98naoR/cHDws7+EyYMOdL1BmjsZXRUjf7d+MficC4B7HLUPlSiho0vg+CWKrGIt/VJBd1xunQ==
